{
  "originHash" : "f9056f3171c89010bbe2b813ee24b4d9d17406786f779f8bad399dacee3efbae",
  "pins" : [
    {
      "identity" : "alamofire",
      "kind" : "remoteSourceControl",
      "location" : "https://github.com/Alamofire/Alamofire.git",
      "state" : {
        "revision" : "3dc6a42c7727c49bf26508e29b0a0b35f9c7e1ad",
        "version" : "5.8.1"
      }
    },
    {
      "identity" : "cache",
      "kind" : "remoteSourceControl",
      "location" : "https://github.com/hyperoslo/Cache.git",
      "state" : {
        "revision" : "ad6abdf2a3a866288a7dad2c4e13379406002a81",
        "version" : "6.2.0"
      }
    },
    {
      "identity" : "nuke?tab=readme-ov-file",
      "kind" : "remoteSourceControl",
      "location" : "https://github.com/kean/Nuke?tab=readme-ov-file",
      "state" : {
        "revision" : "0ead44350d2737db384908569c012fe67c421e4d",
        "version" : "12.8.0"
      }
    }
  ],
  "version" : 3
}
